
Microsoft Visual Studio Solution File, Format Version 12.00
# Visual Studio Version 17
VisualStudioVersion = 17.3.32922.545
MinimumVisualStudioVersion = 10.0.40219.1
Project("{FAE04EC0-301F-11D3-BF4B-00C04F79EFBC}") = "Exercise2_105", "Exercise2_105\Exercise2_105.csproj", "{238D3AFE-B1AE-4F8B-B95E-FB13C911D84D}"
EndProject
Global
	GlobalSection(SolutionConfigurationPlatforms) = preSolution
		Debug|Any CPU = Debug|Any CPU
		Release|Any CPU = Release|Any CPU
	EndGlobalSection
	GlobalSection(ProjectConfigurationPlatforms) = postSolution
		{238D3AFE-B1AE-4F8B-B95E-FB13C911D84D}.Debug|Any CPU.ActiveCfg = Debug|Any CPU
		{238D3AFE-B1AE-4F8B-B95E-FB13C911D84D}.Debug|Any CPU.Build.0 = Debug|Any CPU
		{238D3AFE-B1AE-4F8B-B95E-FB13C911D84D}.Release|Any CPU.ActiveCfg = Release|Any CPU
		{238D3AFE-B1AE-4F8B-B95E-FB13C911D84D}.Release|Any CPU.Build.0 = Release|Any CPU
	EndGlobalSection
	GlobalSection(SolutionProperties) = preSolution
		HideSolutionNode = FALSE
	EndGlobalSection
	GlobalSection(ExtensibilityGlobals) = postSolution
		SolutionGuid = {CD14EEBF-FA6F-4010-BE11-22AB28B03A73}
	EndGlobalSection
EndGlobal
